
Microsoft Visual Studio Solution File, Format Version 12.00
# Visual Studio Version 17
VisualStudioVersion = 17.7.34024.191
MinimumVisualStudioVersion = 10.0.40219.1
Project("{9A19103F-16F7-4668-BE54-9A1E7A4F7556}") = "openconfig-yang-tree-view", "openconfig-yang-tree-view\openconfig-yang-tree-view.csproj", "{80AAFF36-7274-4092-A952-7307596D33BE}"
EndProject
Project("{9A19103F-16F7-4668-BE54-9A1E7A4F7556}") = "openconfig-yang-tree-view.GnmiClient", "openconfig-yang-tree-view.GnmiClient\openconfig-yang-tree-view.GnmiClient.csproj", "{4944A4CC-50C0-4D0E-BDAC-E93193ECAF05}"
EndProject
Global
	GlobalSection(SolutionConfigurationPlatforms) = preSolution
		Debug|Any CPU = Debug|Any CPU
		Release|Any CPU = Release|Any CPU
	EndGlobalSection
	GlobalSection(ProjectConfigurationPlatforms) = postSolution
		{80AAFF36-7274-4092-A952-7307596D33BE}.Debug|Any CPU.ActiveCfg = Debug|Any CPU
		{80AAFF36-7274-4092-A952-7307596D33BE}.Debug|Any CPU.Build.0 = Debug|Any CPU
		{80AAFF36-7274-4092-A952-7307596D33BE}.Release|Any CPU.ActiveCfg = Release|Any CPU
		{80AAFF36-7274-4092-A952-7307596D33BE}.Release|Any CPU.Build.0 = Release|Any CPU
		{4944A4CC-50C0-4D0E-BDAC-E93193ECAF05}.Debug|Any CPU.ActiveCfg = Debug|Any CPU
		{4944A4CC-50C0-4D0E-BDAC-E93193ECAF05}.Debug|Any CPU.Build.0 = Debug|Any CPU
		{4944A4CC-50C0-4D0E-BDAC-E93193ECAF05}.Release|Any CPU.ActiveCfg = Release|Any CPU
		{4944A4CC-50C0-4D0E-BDAC-E93193ECAF05}.Release|Any CPU.Build.0 = Release|Any CPU
	EndGlobalSection
	GlobalSection(SolutionProperties) = preSolution
		HideSolutionNode = FALSE
	EndGlobalSection
	GlobalSection(ExtensibilityGlobals) = postSolution
		SolutionGuid = {4698C896-8DFF-4973-858E-AD7C61BC80EB}
	EndGlobalSection
EndGlobal
